<?xml version="1.0" encoding="utf-8"?>
<Project ToolsVersion="4.0" xmlns="http://schemas.microsoft.com/developer/msbuild/2003">
  <ItemGroup>
    <Filter Include="Source Files">
      <UniqueIdentifier>{4FC737F1-C7A5-4376-A066-2A32D752A2FF}</UniqueIdentifier>
      <Extensions>cpp;c;cc;cxx;c++;cppm;ixx;def;odl;idl;hpj;bat;asm;asmx</Extensions>
    </Filter>
    <Filter Include="Header Files">
      <UniqueIdentifier>{93995380-89BD-4b04-88EB-625FBE52EBFB}</UniqueIdentifier>
      <Extensions>h;hh;hpp;hxx;h++;hm;inl;inc;ipp;xsd</Extensions>
    </Filter>
    <Filter Include="Resource Files">
      <UniqueIdentifier>{67DA6AB6-F800-4c08-8B7A-83BB121AAD01}</UniqueIdentifier>
      <Extensions>rc;ico;cur;bmp;dlg;rc2;rct;bin;rgs;gif;jpg;jpeg;jpe;resx;tiff;tif;png;wav;mfcribbon-ms</Extensions>
    </Filter>
  </ItemGroup>
  <ItemGroup>
    <ClInclude Include="include\Config.h">
      <Filter>Header Files</Filter>
    </ClInclude>
    <ClInclude Include="include\framework.h">
      <Filter>Header Files</Filter>
    </ClInclude>
    <ClInclude Include="include\pch.h">
      <Filter>Header Files</Filter>
    </ClInclude>
    <ClInclude Include="include\ProcessWatcher.h">
      <Filter>Header Files</Filter>
    </ClInclude>
    <ClInclude Include="include\ClientSocket.h">
      <Filter>Header Files</Filter>
    </ClInclude>
    <ClInclude Include="include\ThreadWatcher.h">
      <Filter>Header Files</Filter>
    </ClInclude>
    <ClInclude Include="include\AntiDebug.h">
      <Filter>Header Files</Filter>
    </ClInclude>
    <ClInclude Include="include\DllScanner.h">
      <Filter>Header Files</Filter>
    </ClInclude>
    <ClInclude Include="include\FileChecker.h">
      <Filter>Header Files</Filter>
    </ClInclude>
    <ClInclude Include="include\HWID.h">
      <Filter>Header Files</Filter>
    </ClInclude>
    <ClInclude Include="include\OverlayScanner.h">
      <Filter>Header Files</Filter>
    </ClInclude>
    <ClInclude Include="include\IATHookScanner.h">
      <Filter>Header Files</Filter>
    </ClInclude>
    <ClInclude Include="include\ThreadProtector.h">
      <Filter>Header Files</Filter>
    </ClInclude>
    <ClInclude Include="include\CRCChecker.h">
      <Filter>Header Files</Filter>
    </ClInclude>
    <ClInclude Include="include\MemScanner.h">
      <Filter>Header Files</Filter>
    </ClInclude>
    <ClInclude Include="include\ConfigDecrypt.h">
      <Filter>Header Files</Filter>
    </ClInclude>
  </ItemGroup>
  <ItemGroup>
    <ClCompile Include="dllmain.cpp">
      <Filter>Source Files</Filter>
    </ClCompile>
    <ClCompile Include="pch.cpp">
      <Filter>Source Files</Filter>
    </ClCompile>
    <ClCompile Include="src\ProcessWatcher.cpp">
      <Filter>Resource Files</Filter>
    </ClCompile>
    <ClCompile Include="src\ClientSocket.cpp">
      <Filter>Resource Files</Filter>
    </ClCompile>
    <ClCompile Include="src\ThreadWatcher.cpp">
      <Filter>Resource Files</Filter>
    </ClCompile>
    <ClCompile Include="src\AntiDebug.cpp">
      <Filter>Resource Files</Filter>
    </ClCompile>
    <ClCompile Include="src\DllScanner.cpp">
      <Filter>Resource Files</Filter>
    </ClCompile>
    <ClCompile Include="src\FileChecker.cpp">
      <Filter>Resource Files</Filter>
    </ClCompile>
    <ClCompile Include="src\HWID.cpp">
      <Filter>Resource Files</Filter>
    </ClCompile>
    <ClCompile Include="src\OverlayScanner.cpp">
      <Filter>Resource Files</Filter>
    </ClCompile>
    <ClCompile Include="src\IATHookScanner.cpp">
      <Filter>Resource Files</Filter>
    </ClCompile>
    <ClCompile Include="src\ThreadProtector.cpp">
      <Filter>Resource Files</Filter>
    </ClCompile>
    <ClCompile Include="src\CRCChecker.cpp">
      <Filter>Resource Files</Filter>
    </ClCompile>
    <ClCompile Include="src\MemScanner.cpp">
      <Filter>Resource Files</Filter>
    </ClCompile>
    <ClCompile Include="src\ConfigDecrypt.cpp">
      <Filter>Resource Files</Filter>
    </ClCompile>
  </ItemGroup>
</Project>