<?xml version="1.0" encoding="utf-8"?>
<Project ToolsVersion="4.0" xmlns="http://schemas.microsoft.com/developer/msbuild/2003">
  <ItemGroup>
    <Filter Include="Source Files">
      <UniqueIdentifier>{4FC737F1-C7A5-4376-A066-2A32D752A2FF}</UniqueIdentifier>
      <Extensions>cpp;c;cc;cxx;c++;cppm;ixx;def;odl;idl;hpj;bat;asm;asmx</Extensions>
    </Filter>
    <Filter Include="Header Files">
      <UniqueIdentifier>{93995380-89BD-4b04-88EB-625FBE52EBFB}</UniqueIdentifier>
      <Extensions>h;hh;hpp;hxx;h++;hm;inl;inc;ipp;xsd</Extensions>
    </Filter>
    <Filter Include="Resource Files">
      <UniqueIdentifier>{67DA6AB6-F800-4c08-8B7A-83BB121AAD01}</UniqueIdentifier>
      <Extensions>rc;ico;cur;bmp;dlg;rc2;rct;bin;rgs;gif;jpg;jpeg;jpe;resx;tiff;tif;png;wav;mfcribbon-ms</Extensions>
    </Filter>
    <Filter Include="Enhanced Systems">
      <UniqueIdentifier>{A1B2C3D4-E5F6-7890-ABCD-EF1234567890}</UniqueIdentifier>
    </Filter>
    <Filter Include="Enhanced Systems\Headers">
      <UniqueIdentifier>{B2C3D4E5-F6A7-8901-BCDE-F12345678901}</UniqueIdentifier>
    </Filter>
    <Filter Include="Enhanced Systems\Source">
      <UniqueIdentifier>{C3D4E5F6-A7B8-9012-CDEF-123456789012}</UniqueIdentifier>
    </Filter>
    <Filter Include="Configuration Files">
      <UniqueIdentifier>{D4E5F6A7-B8C9-0123-DEFA-234567890123}</UniqueIdentifier>
    </Filter>
    <Filter Include="Documentation">
      <UniqueIdentifier>{E5F6A7B8-C9D0-1234-EFAB-345678901234}</UniqueIdentifier>
    </Filter>
    <Filter Include="Examples">
      <UniqueIdentifier>{F6A7B8C9-D0E1-2345-FABC-456789012345}</UniqueIdentifier>
    </Filter>
    <Filter Include="Scripts">
      <UniqueIdentifier>{A7B8C9D0-E1F2-3456-ABCD-567890123456}</UniqueIdentifier>
    </Filter>
    <Filter Include="Tests">
      <UniqueIdentifier>{B8C9D0E1-F2A3-4567-BCDE-678901234567}</UniqueIdentifier>
    </Filter>
  </ItemGroup>
  <ItemGroup>
    <ClInclude Include="framework.h">
      <Filter>Header Files</Filter>
    </ClInclude>
    <ClInclude Include="pch.h">
      <Filter>Header Files</Filter>
    </ClInclude>
    <ClInclude Include="include\ProcessWatcher.h">
      <Filter>Header Files</Filter>
    </ClInclude>
    <ClInclude Include="include\SecurityUtils.h">
      <Filter>Header Files</Filter>
    </ClInclude>
    <ClInclude Include="include\Configuration.h">
      <Filter>Header Files</Filter>
    </ClInclude>
    <ClInclude Include="include\Logger.h">
      <Filter>Header Files</Filter>
    </ClInclude>
    <ClInclude Include="include\PerformanceMonitor.h">
      <Filter>Header Files</Filter>
    </ClInclude>
    <ClInclude Include="include\WindowDetector.h">
      <Filter>Header Files</Filter>
    </ClInclude>
    <ClInclude Include="include\DetectionEngine.h">
      <Filter>Header Files</Filter>
    </ClInclude>
    <ClInclude Include="include\OverlayDetectionLayer.h">
      <Filter>Header Files</Filter>
    </ClInclude>
    <ClInclude Include="include\OverlayScanner.h">
      <Filter>Header Files</Filter>
    </ClInclude>
    <ClInclude Include="include\AntiDebug.h">
      <Filter>Header Files</Filter>
    </ClInclude>
    <ClInclude Include="include\AntiSuspendDetectionLayer.h">
      <Filter>Header Files</Filter>
    </ClInclude>
    <ClInclude Include="include\AntiSuspendThreads.h">
      <Filter>Header Files</Filter>
    </ClInclude>
    <ClInclude Include="include\Constants.h">
      <Filter>Header Files</Filter>
    </ClInclude>
    <ClInclude Include="include\InjectionDetectionLayer.h">
      <Filter>Header Files</Filter>
    </ClInclude>
    <ClInclude Include="include\InjectionScanner.h">
      <Filter>Header Files</Filter>
    </ClInclude>
    <ClInclude Include="include\ThreadSafetyUtils.h">
      <Filter>Header Files</Filter>
    </ClInclude>
    <ClInclude Include="include\MemorySignatureScanner.h">
      <Filter>Header Files</Filter>
    </ClInclude>
    <ClInclude Include="include\GarudaHS_Exports.h">
      <Filter>Header Files</Filter>
    </ClInclude>
    <ClInclude Include="include\LayeredDetection.h">
      <Filter>Header Files</Filter>
    </ClInclude>
    <ClInclude Include="include\GarudaHS_StaticCore.h">
      <Filter>Header Files</Filter>
    </ClInclude>
    <ClInclude Include="include\EnhancedSignatureDetector.h">
      <Filter>Enhanced Systems\Headers</Filter>
    </ClInclude>
    <ClInclude Include="include\HeuristicMemoryScanner.h">
      <Filter>Enhanced Systems\Headers</Filter>
    </ClInclude>
    <ClInclude Include="include\ThreadInjectionTracer.h">
      <Filter>Enhanced Systems\Headers</Filter>
    </ClInclude>
    <ClInclude Include="include\EnhancedModuleBlacklist.h">
      <Filter>Enhanced Systems\Headers</Filter>
    </ClInclude>
    <ClInclude Include="include\DynamicBehaviorDetector.h">
      <Filter>Enhanced Systems\Headers</Filter>
    </ClInclude>
    <ClInclude Include="include\EnhancedAntiCheatCore.h">
      <Filter>Enhanced Systems\Headers</Filter>
    </ClInclude>

  </ItemGroup>
  <ItemGroup>
    <ClCompile Include="dllmain.cpp">
      <Filter>Source Files</Filter>
    </ClCompile>
    <ClCompile Include="pch.cpp">
      <Filter>Source Files</Filter>
    </ClCompile>
    <ClCompile Include="src\ProcessWatcher.cpp">
      <Filter>Resource Files</Filter>
    </ClCompile>
    <ClCompile Include="src\Configuration.cpp">
      <Filter>Resource Files</Filter>
    </ClCompile>
    <ClCompile Include="src\Logger.cpp">
      <Filter>Resource Files</Filter>
    </ClCompile>
    <ClCompile Include="src\PerformanceMonitor.cpp">
      <Filter>Resource Files</Filter>
    </ClCompile>
    <ClCompile Include="src\WindowDetector.cpp">
      <Filter>Resource Files</Filter>
    </ClCompile>
    <ClCompile Include="src\DetectionEngine.cpp">
      <Filter>Resource Files</Filter>
    </ClCompile>
    <ClCompile Include="src\OverlayDetectionLayer.cpp">
      <Filter>Resource Files</Filter>
    </ClCompile>
    <ClCompile Include="src\OverlayScanner.cpp">
      <Filter>Resource Files</Filter>
    </ClCompile>
    <ClCompile Include="src\AntiDebug.cpp">
      <Filter>Resource Files</Filter>
    </ClCompile>
    <ClCompile Include="src\AntiSuspendDetectionLayer.cpp">
      <Filter>Resource Files</Filter>
    </ClCompile>
    <ClCompile Include="src\AntiSuspendThreads.cpp">
      <Filter>Resource Files</Filter>
    </ClCompile>
    <ClCompile Include="src\InjectionDetectionLayer.cpp">
      <Filter>Resource Files</Filter>
    </ClCompile>
    <ClCompile Include="src\InjectionScanner.cpp">
      <Filter>Resource Files</Filter>
    </ClCompile>
    <ClCompile Include="src\MemorySignatureScanner.cpp">
      <Filter>Resource Files</Filter>
    </ClCompile>
    <ClCompile Include="src\GarudaHS_StaticCore.cpp">
      <Filter>Resource Files</Filter>
    </ClCompile>
    <ClCompile Include="src\LayeredDetection.cpp">
      <Filter>Resource Files</Filter>
    </ClCompile>
    <ClCompile Include="src\SecurityUtils.cpp">
      <Filter>Resource Files</Filter>
    </ClCompile>
    <ClCompile Include="src\StaticExports.cpp">
      <Filter>Resource Files</Filter>
    </ClCompile>
    <ClCompile Include="src\EnhancedSignatureDetector.cpp">
      <Filter>Enhanced Systems\Source</Filter>
    </ClCompile>
    <ClCompile Include="src\HeuristicMemoryScanner.cpp">
      <Filter>Enhanced Systems\Source</Filter>
    </ClCompile>
    <ClCompile Include="src\ThreadInjectionTracer.cpp">
      <Filter>Enhanced Systems\Source</Filter>
    </ClCompile>
    <ClCompile Include="src\EnhancedModuleBlacklist.cpp">
      <Filter>Enhanced Systems\Source</Filter>
    </ClCompile>
    <ClCompile Include="src\DynamicBehaviorDetector.cpp">
      <Filter>Enhanced Systems\Source</Filter>
    </ClCompile>
    <ClCompile Include="src\EnhancedAntiCheatCore.cpp">
      <Filter>Enhanced Systems\Source</Filter>
    </ClCompile>

  </ItemGroup>
  <ItemGroup>
    <None Include="config\enhanced_config.json">
      <Filter>Configuration Files</Filter>
    </None>
    <None Include="detection_rules.json">
      <Filter>Configuration Files</Filter>
    </None>
    <None Include="garudahs_config.ini">
      <Filter>Configuration Files</Filter>
    </None>
    <None Include="memory_scanner_config.ini">
      <Filter>Configuration Files</Filter>
    </None>
    <None Include="memory_signatures.json">
      <Filter>Configuration Files</Filter>
    </None>
    <None Include="messages.json">
      <Filter>Configuration Files</Filter>
    </None>
    <None Include="docs\API_Reference_Enhanced.md">
      <Filter>Documentation</Filter>
    </None>
    <None Include="examples\EnhancedAntiCheatExample.cpp">
      <Filter>Examples</Filter>
    </None>
    <None Include="scripts\build_all_configurations.bat">
      <Filter>Scripts</Filter>
    </None>
    <None Include="tests\test_enhanced_features.cpp">
      <Filter>Tests</Filter>
    </None>
    <None Include="README_Enhanced.md">
      <Filter>Documentation</Filter>
    </None>
    <None Include="CMakeLists.txt">
      <Filter>Configuration Files</Filter>
    </None>
  </ItemGroup>
</Project>